{
    "_readme": [
        "This file locks the dependencies of your project to a known state",
        "Read more about it at https://getcomposer.org/doc/01-basic-usage.md#installing-dependencies",
        "This file is @generated automatically"
    ],
    "content-hash": "769ba835cc1d95daf0928dbd19a0fb76",
    "packages": [
        {
            "name": "natewr/pkp-theme-helper",
            "version": "0.1.0",
            "source": {
                "type": "git",
                "url": "https://github.com/NateWr/pkp-theme-helper.git",
                "reference": "228b9928d9e5be9152039702b26eaaad74e3c08c"
            },
            "dist": {
                "type": "zip",
                "url": "https://api.github.com/repos/NateWr/pkp-theme-helper/zipball/228b9928d9e5be9152039702b26eaaad74e3c08c",
                "reference": "228b9928d9e5be9152039702b26eaaad74e3c08c",
                "shasum": ""
            },
            "require": {
                "php": ">=8.1"
            },
            "type": "library",
            "autoload": {
                "psr-4": {
                    "NateWr\\themehelper\\": "src/"
                }
            },
            "notification-url": "https://packagist.org/downloads/",
            "license": [
                "GPL3"
            ],
            "authors": [
                {
                    "name": "Nate Wright",
                    "email": "natew@notthisway.com"
                }
            ],
            "description": "A library of helper functions to build themes for PKP software (OJS, OMP, and OPS).",
            "support": {
                "issues": "https://github.com/NateWr/pkp-theme-helper/issues",
                "source": "https://github.com/NateWr/pkp-theme-helper/tree/0.1.0"
            },
            "time": "2024-11-13T16:22:01+00:00"
        },
        {
            "name": "natewr/pkp-vite",
            "version": "0.1.2",
            "source": {
                "type": "git",
                "url": "https://github.com/NateWr/pkp-vite.git",
                "reference": "5ae61a299b7205587b0672ac343d2e4395e45352"
            },
            "dist": {
                "type": "zip",
                "url": "https://api.github.com/repos/NateWr/pkp-vite/zipball/5ae61a299b7205587b0672ac343d2e4395e45352",
                "reference": "5ae61a299b7205587b0672ac343d2e4395e45352",
                "shasum": ""
            },
            "require": {
                "php": ">=8.1"
            },
            "type": "library",
            "autoload": {
                "psr-4": {
                    "NateWr\\vite\\": "src/"
                }
            },
            "notification-url": "https://packagist.org/downloads/",
            "license": [
                "GPL-3.0-or-later"
            ],
            "description": "Vite integration for themes built for PKP's software (OJS, OMP, and OPS).",
            "support": {
                "issues": "https://github.com/NateWr/pkp-vite/issues",
                "source": "https://github.com/NateWr/pkp-vite/tree/0.1.2"
            },
            "time": "2024-11-14T13:07:39+00:00"
        }
    ],
    "packages-dev": [],
    "aliases": [],
    "minimum-stability": "stable",
    "stability-flags": [],
    "prefer-stable": false,
    "prefer-lowest": false,
    "platform": [],
    "platform-dev": [],
    "plugin-api-version": "2.3.0"
}
