{
    "_readme": [
        "This file locks the dependencies of your project to a known state",
        "Read more about it at https://getcomposer.org/doc/01-basic-usage.md#installing-dependencies",
        "This file is @generated automatically"
    ],
    "content-hash": "1d00e16c075ac49731997c0e43cbadff",
    "packages": [
        {
            "name": "NateWr/pkp-theme-helper",
            "version": "dev-main",
            "source": {
                "type": "git",
                "url": "https://github.com/NateWr/pkp-theme-helper.git",
                "reference": "fa349ed21b1c812fb4f6392064269792c6284b93"
            },
            "dist": {
                "type": "zip",
                "url": "https://api.github.com/repos/NateWr/pkp-theme-helper/zipball/fa349ed21b1c812fb4f6392064269792c6284b93",
                "reference": "fa349ed21b1c812fb4f6392064269792c6284b93",
                "shasum": ""
            },
            "require": {
                "php": ">=8.1"
            },
            "default-branch": true,
            "type": "library",
            "autoload": {
                "psr-4": {
                    "NateWr\\themehelper\\": "src/"
                }
            },
            "license": [
                "GPL3"
            ],
            "description": "A library of helper functions to build themes for PKP software (OJS, OMP, and OPS).",
            "support": {
                "source": "https://github.com/NateWr/pkp-theme-helper/tree/main",
                "issues": "https://github.com/NateWr/pkp-theme-helper/issues"
            },
            "time": "2024-10-15T15:33:44+00:00"
        },
        {
            "name": "NateWr/pkp-vite",
            "version": "dev-main",
            "source": {
                "type": "git",
                "url": "https://github.com/NateWr/pkp-vite.git",
                "reference": "ff0ec2072c1a1f1339acc5c8cf768a008c53a19a"
            },
            "dist": {
                "type": "zip",
                "url": "https://api.github.com/repos/NateWr/pkp-vite/zipball/ff0ec2072c1a1f1339acc5c8cf768a008c53a19a",
                "reference": "ff0ec2072c1a1f1339acc5c8cf768a008c53a19a",
                "shasum": ""
            },
            "require": {
                "php": ">=8.1"
            },
            "default-branch": true,
            "type": "library",
            "autoload": {
                "psr-4": {
                    "NateWr\\vite\\": "src/"
                }
            },
            "license": [
                "GPL3"
            ],
            "description": "Backend setup to use Vite with custom themes for PKP software (OJS, OMP, OPS).",
            "support": {
                "source": "https://github.com/NateWr/pkp-vite/tree/main",
                "issues": "https://github.com/NateWr/pkp-vite/issues"
            },
            "time": "2024-09-30T15:39:03+00:00"
        }
    ],
    "packages-dev": [],
    "aliases": [],
    "minimum-stability": "stable",
    "stability-flags": {
        "natewr/pkp-theme-helper": 20,
        "natewr/pkp-vite": 20
    },
    "prefer-stable": false,
    "prefer-lowest": false,
    "platform": [],
    "platform-dev": [],
    "plugin-api-version": "2.3.0"
}
